{
  "name": "scouting-api",
  "lockfileVersion": 3,
  "requires": true,
  "packages": {
    "": {
      "dependencies": {
        "optic": "^0.1.0"
      }
    },
    "node_modules/optic": {
      "version": "0.1.0",
      "resolved": "https://registry.npmjs.org/optic/-/optic-0.1.0.tgz",
      "integrity": "sha512-wKwjUiGzELOVU62sqmbBDWBDS9iGhsVwdO24cRY3VlHDjhHwnDXa9s+er311Jbrm2jYwD3aGitv7wvBzXH+bOA=="
    }
  }
}
